
Microsoft Visual Studio Solution File, Format Version 12.00
# Visual Studio Version 17
VisualStudioVersion = 17.0.31903.59
MinimumVisualStudioVersion = 10.0.40219.1
Project("{8BC9CEB8-8B4A-11D0-8D11-00A0C91BC942}") = "Algebra", "Algebra\Algebra.vcxitems", "{477B7882-6AC6-40E4-A464-EF498CE6C04A}"
EndProject
Project("{8BC9CEB8-8B4A-11D0-8D11-00A0C91BC942}") = "IO", "IO\IO.vcxitems", "{63AD9C30-6049-47F7-8327-B19D6144D92E}"
EndProject
Project("{8BC9CEB8-8B4A-11D0-8D11-00A0C91BC942}") = "Geometry", "Geometry\Geometry.vcxitems", "{60A0E12F-0771-476B-8669-0420645E2EF7}"
EndProject
Project("{8BC9CEB8-8B4A-11D0-8D11-00A0C91BC942}") = "Graph", "Graph\Graph.vcxitems", "{9D153626-6ABD-4B6F-92D3-1EBDFD406EBC}"
EndProject
Project("{8BC9CEB8-8B4A-11D0-8D11-00A0C91BC942}") = "OrganizationalAnalysis", "OrganizationalAnalysis\OrganizationalAnalysis.vcxitems", "{3154841C-70A1-435F-9D43-A5991E55390A}"
EndProject
Project("{8BC9CEB8-8B4A-11D0-8D11-00A0C91BC942}") = "OrganizationalAnalysisApplication", "OrganizationalAnalysisApplication\OrganizationalAnalysisApplication.vcxproj", "{41C358B2-EA04-492A-8B0B-4475A2106010}"
EndProject
Project("{8BC9CEB8-8B4A-11D0-8D11-00A0C91BC942}") = "OrganizationalAnalysisLibrary", "OrganizationalAnalysisLibrary\OrganizationalAnalysisLibrary.vcxproj", "{DBA345F3-4A48-4DC8-B134-5BE5E30ACF9B}"
EndProject
Project("{9A19103F-16F7-4668-BE54-9A1E7A4F7556}") = "OrganizationalAnalysisCSharpWrapper", "OrganizationalAnalysisCSharpWrapper\OrganizationalAnalysisCSharpWrapper.csproj", "{07E63306-B794-411D-94CD-3D7079A7BE3E}"
EndProject
Global
	GlobalSection(SolutionConfigurationPlatforms) = preSolution
		Debug|Any CPU = Debug|Any CPU
		Debug|ARM = Debug|ARM
		Debug|ARM64 = Debug|ARM64
		Debug|x64 = Debug|x64
		Debug|x86 = Debug|x86
		Release|Any CPU = Release|Any CPU
		Release|ARM = Release|ARM
		Release|ARM64 = Release|ARM64
		Release|x64 = Release|x64
		Release|x86 = Release|x86
	EndGlobalSection
	GlobalSection(ProjectConfigurationPlatforms) = postSolution
		{41C358B2-EA04-492A-8B0B-4475A2106010}.Debug|Any CPU.ActiveCfg = Debug|x64
		{41C358B2-EA04-492A-8B0B-4475A2106010}.Debug|Any CPU.Build.0 = Debug|x64
		{41C358B2-EA04-492A-8B0B-4475A2106010}.Debug|ARM.ActiveCfg = Debug|x64
		{41C358B2-EA04-492A-8B0B-4475A2106010}.Debug|ARM.Build.0 = Debug|x64
		{41C358B2-EA04-492A-8B0B-4475A2106010}.Debug|ARM64.ActiveCfg = Debug|x64
		{41C358B2-EA04-492A-8B0B-4475A2106010}.Debug|ARM64.Build.0 = Debug|x64
		{41C358B2-EA04-492A-8B0B-4475A2106010}.Debug|x64.ActiveCfg = Debug|x64
		{41C358B2-EA04-492A-8B0B-4475A2106010}.Debug|x64.Build.0 = Debug|x64
		{41C358B2-EA04-492A-8B0B-4475A2106010}.Debug|x86.ActiveCfg = Debug|Win32
		{41C358B2-EA04-492A-8B0B-4475A2106010}.Debug|x86.Build.0 = Debug|Win32
		{41C358B2-EA04-492A-8B0B-4475A2106010}.Release|Any CPU.ActiveCfg = Release|x64
		{41C358B2-EA04-492A-8B0B-4475A2106010}.Release|Any CPU.Build.0 = Release|x64
		{41C358B2-EA04-492A-8B0B-4475A2106010}.Release|ARM.ActiveCfg = Release|x64
		{41C358B2-EA04-492A-8B0B-4475A2106010}.Release|ARM.Build.0 = Release|x64
		{41C358B2-EA04-492A-8B0B-4475A2106010}.Release|ARM64.ActiveCfg = Release|x64
		{41C358B2-EA04-492A-8B0B-4475A2106010}.Release|ARM64.Build.0 = Release|x64
		{41C358B2-EA04-492A-8B0B-4475A2106010}.Release|x64.ActiveCfg = Release|x64
		{41C358B2-EA04-492A-8B0B-4475A2106010}.Release|x64.Build.0 = Release|x64
		{41C358B2-EA04-492A-8B0B-4475A2106010}.Release|x86.ActiveCfg = Release|Win32
		{41C358B2-EA04-492A-8B0B-4475A2106010}.Release|x86.Build.0 = Release|Win32
		{DBA345F3-4A48-4DC8-B134-5BE5E30ACF9B}.Debug|Any CPU.ActiveCfg = Debug|x64
		{DBA345F3-4A48-4DC8-B134-5BE5E30ACF9B}.Debug|Any CPU.Build.0 = Debug|x64
		{DBA345F3-4A48-4DC8-B134-5BE5E30ACF9B}.Debug|ARM.ActiveCfg = Debug|x64
		{DBA345F3-4A48-4DC8-B134-5BE5E30ACF9B}.Debug|ARM.Build.0 = Debug|x64
		{DBA345F3-4A48-4DC8-B134-5BE5E30ACF9B}.Debug|ARM64.ActiveCfg = Debug|x64
		{DBA345F3-4A48-4DC8-B134-5BE5E30ACF9B}.Debug|ARM64.Build.0 = Debug|x64
		{DBA345F3-4A48-4DC8-B134-5BE5E30ACF9B}.Debug|x64.ActiveCfg = Debug|x64
		{DBA345F3-4A48-4DC8-B134-5BE5E30ACF9B}.Debug|x64.Build.0 = Debug|x64
		{DBA345F3-4A48-4DC8-B134-5BE5E30ACF9B}.Debug|x86.ActiveCfg = Debug|Win32
		{DBA345F3-4A48-4DC8-B134-5BE5E30ACF9B}.Debug|x86.Build.0 = Debug|Win32
		{DBA345F3-4A48-4DC8-B134-5BE5E30ACF9B}.Release|Any CPU.ActiveCfg = Release|x64
		{DBA345F3-4A48-4DC8-B134-5BE5E30ACF9B}.Release|Any CPU.Build.0 = Release|x64
		{DBA345F3-4A48-4DC8-B134-5BE5E30ACF9B}.Release|ARM.ActiveCfg = Release|x64
		{DBA345F3-4A48-4DC8-B134-5BE5E30ACF9B}.Release|ARM.Build.0 = Release|x64
		{DBA345F3-4A48-4DC8-B134-5BE5E30ACF9B}.Release|ARM64.ActiveCfg = Release|x64
		{DBA345F3-4A48-4DC8-B134-5BE5E30ACF9B}.Release|ARM64.Build.0 = Release|x64
		{DBA345F3-4A48-4DC8-B134-5BE5E30ACF9B}.Release|x64.ActiveCfg = Release|x64
		{DBA345F3-4A48-4DC8-B134-5BE5E30ACF9B}.Release|x64.Build.0 = Release|x64
		{DBA345F3-4A48-4DC8-B134-5BE5E30ACF9B}.Release|x86.ActiveCfg = Release|Win32
		{DBA345F3-4A48-4DC8-B134-5BE5E30ACF9B}.Release|x86.Build.0 = Release|Win32
		{07E63306-B794-411D-94CD-3D7079A7BE3E}.Debug|Any CPU.ActiveCfg = Debug|Any CPU
		{07E63306-B794-411D-94CD-3D7079A7BE3E}.Debug|Any CPU.Build.0 = Debug|Any CPU
		{07E63306-B794-411D-94CD-3D7079A7BE3E}.Debug|ARM.ActiveCfg = Debug|Any CPU
		{07E63306-B794-411D-94CD-3D7079A7BE3E}.Debug|ARM.Build.0 = Debug|Any CPU
		{07E63306-B794-411D-94CD-3D7079A7BE3E}.Debug|ARM64.ActiveCfg = Debug|Any CPU
		{07E63306-B794-411D-94CD-3D7079A7BE3E}.Debug|ARM64.Build.0 = Debug|Any CPU
		{07E63306-B794-411D-94CD-3D7079A7BE3E}.Debug|x64.ActiveCfg = Debug|Any CPU
		{07E63306-B794-411D-94CD-3D7079A7BE3E}.Debug|x64.Build.0 = Debug|Any CPU
		{07E63306-B794-411D-94CD-3D7079A7BE3E}.Debug|x86.ActiveCfg = Debug|Any CPU
		{07E63306-B794-411D-94CD-3D7079A7BE3E}.Debug|x86.Build.0 = Debug|Any CPU
		{07E63306-B794-411D-94CD-3D7079A7BE3E}.Release|Any CPU.ActiveCfg = Release|Any CPU
		{07E63306-B794-411D-94CD-3D7079A7BE3E}.Release|Any CPU.Build.0 = Release|Any CPU
		{07E63306-B794-411D-94CD-3D7079A7BE3E}.Release|ARM.ActiveCfg = Release|Any CPU
		{07E63306-B794-411D-94CD-3D7079A7BE3E}.Release|ARM.Build.0 = Release|Any CPU
		{07E63306-B794-411D-94CD-3D7079A7BE3E}.Release|ARM64.ActiveCfg = Release|Any CPU
		{07E63306-B794-411D-94CD-3D7079A7BE3E}.Release|ARM64.Build.0 = Release|Any CPU
		{07E63306-B794-411D-94CD-3D7079A7BE3E}.Release|x64.ActiveCfg = Release|Any CPU
		{07E63306-B794-411D-94CD-3D7079A7BE3E}.Release|x64.Build.0 = Release|Any CPU
		{07E63306-B794-411D-94CD-3D7079A7BE3E}.Release|x86.ActiveCfg = Release|Any CPU
		{07E63306-B794-411D-94CD-3D7079A7BE3E}.Release|x86.Build.0 = Release|Any CPU
	EndGlobalSection
	GlobalSection(SolutionProperties) = preSolution
		HideSolutionNode = FALSE
	EndGlobalSection
	GlobalSection(ExtensibilityGlobals) = postSolution
		SolutionGuid = {E2374F7C-2DA2-4493-BA26-EEE178AB727F}
	EndGlobalSection
	GlobalSection(SharedMSBuildProjectFiles) = preSolution
		OrganizationalAnalysis\OrganizationalAnalysis.vcxitems*{3154841c-70a1-435f-9d43-a5991e55390a}*SharedItemsImports = 9
		Algebra\Algebra.vcxitems*{41c358b2-ea04-492a-8b0b-4475a2106010}*SharedItemsImports = 4
		Graph\Graph.vcxitems*{41c358b2-ea04-492a-8b0b-4475a2106010}*SharedItemsImports = 4
		IO\IO.vcxitems*{41c358b2-ea04-492a-8b0b-4475a2106010}*SharedItemsImports = 4
		OrganizationalAnalysis\OrganizationalAnalysis.vcxitems*{41c358b2-ea04-492a-8b0b-4475a2106010}*SharedItemsImports = 4
		Algebra\Algebra.vcxitems*{477b7882-6ac6-40e4-a464-ef498ce6c04a}*SharedItemsImports = 9
		Geometry\Geometry.vcxitems*{60a0e12f-0771-476b-8669-0420645e2ef7}*SharedItemsImports = 9
		IO\IO.vcxitems*{63ad9c30-6049-47f7-8327-b19d6144d92e}*SharedItemsImports = 9
		Graph\Graph.vcxitems*{9d153626-6abd-4b6f-92d3-1ebdfd406ebc}*SharedItemsImports = 9
		Algebra\Algebra.vcxitems*{dba345f3-4a48-4dc8-b134-5be5e30acf9b}*SharedItemsImports = 4
		Graph\Graph.vcxitems*{dba345f3-4a48-4dc8-b134-5be5e30acf9b}*SharedItemsImports = 4
		IO\IO.vcxitems*{dba345f3-4a48-4dc8-b134-5be5e30acf9b}*SharedItemsImports = 4
		OrganizationalAnalysis\OrganizationalAnalysis.vcxitems*{dba345f3-4a48-4dc8-b134-5be5e30acf9b}*SharedItemsImports = 4
	EndGlobalSection
EndGlobal
